
Microsoft Visual Studio Solution File, Format Version 12.00
# Visual Studio Version 17
VisualStudioVersion = 17.10.35013.160
MinimumVisualStudioVersion = 10.0.40219.1
Project("{FAE04EC0-301F-11D3-BF4B-00C04F79EFBC}") = "Controle_Camera", "Controle_Camera.csproj", "{44675296-EFF9-4F20-A079-312F6AF98398}"
EndProject
Project("{FAE04EC0-301F-11D3-BF4B-00C04F79EFBC}") = "Controle_Camera_Biblioteca", "..\Controle_Camera_Biblioteca\Controle_Camera_Biblioteca.csproj", "{7E0DC59F-148F-4B76-94C9-24CA759B3892}"
EndProject
Global
	GlobalSection(SolutionConfigurationPlatforms) = preSolution
		Debug|Any CPU = Debug|Any CPU
		Release|Any CPU = Release|Any CPU
	EndGlobalSection
	GlobalSection(ProjectConfigurationPlatforms) = postSolution
		{44675296-EFF9-4F20-A079-312F6AF98398}.Debug|Any CPU.ActiveCfg = Debug|Any CPU
		{44675296-EFF9-4F20-A079-312F6AF98398}.Debug|Any CPU.Build.0 = Debug|Any CPU
		{44675296-EFF9-4F20-A079-312F6AF98398}.Release|Any CPU.ActiveCfg = Release|Any CPU
		{44675296-EFF9-4F20-A079-312F6AF98398}.Release|Any CPU.Build.0 = Release|Any CPU
		{7E0DC59F-148F-4B76-94C9-24CA759B3892}.Debug|Any CPU.ActiveCfg = Debug|Any CPU
		{7E0DC59F-148F-4B76-94C9-24CA759B3892}.Debug|Any CPU.Build.0 = Debug|Any CPU
		{7E0DC59F-148F-4B76-94C9-24CA759B3892}.Release|Any CPU.ActiveCfg = Release|Any CPU
		{7E0DC59F-148F-4B76-94C9-24CA759B3892}.Release|Any CPU.Build.0 = Release|Any CPU
	EndGlobalSection
	GlobalSection(SolutionProperties) = preSolution
		HideSolutionNode = FALSE
	EndGlobalSection
	GlobalSection(ExtensibilityGlobals) = postSolution
		SolutionGuid = {A67995A7-A0DA-49E0-AF7D-0A0167F0CB9B}
	EndGlobalSection
EndGlobal
